
Microsoft Visual Studio Solution File, Format Version 12.00
# Visual Studio Version 16
VisualStudioVersion = 16.0.29209.152
MinimumVisualStudioVersion = 10.0.40219.1
Project("{9A19103F-16F7-4668-BE54-9A1E7A4F7556}") = "SpaceChristmas", "SpaceChristmas\SpaceChristmas.csproj", "{28C657D4-91C7-466E-A844-2B8F376B2440}"
EndProject
Project("{FAE04EC0-301F-11D3-BF4B-00C04F79EFBC}") = "SpaceChristmas-UX", "SpaceChristmas-UX\SpaceChristmas-UX.csproj", "{4665626E-C43E-4ABF-B15A-F9F5CA7DE89B}"
EndProject
Global
	GlobalSection(SolutionConfigurationPlatforms) = preSolution
		Debug|Any CPU = Debug|Any CPU
		Release|Any CPU = Release|Any CPU
	EndGlobalSection
	GlobalSection(ProjectConfigurationPlatforms) = postSolution
		{28C657D4-91C7-466E-A844-2B8F376B2440}.Debug|Any CPU.ActiveCfg = Debug|Any CPU
		{28C657D4-91C7-466E-A844-2B8F376B2440}.Debug|Any CPU.Build.0 = Debug|Any CPU
		{28C657D4-91C7-466E-A844-2B8F376B2440}.Release|Any CPU.ActiveCfg = Release|Any CPU
		{28C657D4-91C7-466E-A844-2B8F376B2440}.Release|Any CPU.Build.0 = Release|Any CPU
		{4665626E-C43E-4ABF-B15A-F9F5CA7DE89B}.Debug|Any CPU.ActiveCfg = Debug|Any CPU
		{4665626E-C43E-4ABF-B15A-F9F5CA7DE89B}.Debug|Any CPU.Build.0 = Debug|Any CPU
		{4665626E-C43E-4ABF-B15A-F9F5CA7DE89B}.Release|Any CPU.ActiveCfg = Release|Any CPU
		{4665626E-C43E-4ABF-B15A-F9F5CA7DE89B}.Release|Any CPU.Build.0 = Release|Any CPU
	EndGlobalSection
	GlobalSection(SolutionProperties) = preSolution
		HideSolutionNode = FALSE
	EndGlobalSection
	GlobalSection(ExtensibilityGlobals) = postSolution
		SolutionGuid = {B38E9DDB-14D8-4C89-8AAD-99CCD95AA05A}
	EndGlobalSection
EndGlobal
